
Microsoft Visual Studio Solution File, Format Version 12.00
# Visual Studio Version 17
VisualStudioVersion = 17.1.32210.238
MinimumVisualStudioVersion = 10.0.40219.1
Project("{FAE04EC0-301F-11D3-BF4B-00C04F79EFBC}") = "SciCalcZillaLib", "SciCalcZillaLib\SciCalcZillaLib.csproj", "{5C5AF8E1-2D8C-434B-AB5C-539A297186B6}"
EndProject
Project("{FAE04EC0-301F-11D3-BF4B-00C04F79EFBC}") = "SciCalcZilla", "SciCalcZilla\SciCalcZilla.csproj", "{CCEC16F3-2345-4AF2-821E-B53AF3FC8C83}"
EndProject
Global
	GlobalSection(SolutionConfigurationPlatforms) = preSolution
		Debug|Any CPU = Debug|Any CPU
		Release|Any CPU = Release|Any CPU
	EndGlobalSection
	GlobalSection(ProjectConfigurationPlatforms) = postSolution
		{5C5AF8E1-2D8C-434B-AB5C-539A297186B6}.Debug|Any CPU.ActiveCfg = Debug|Any CPU
		{5C5AF8E1-2D8C-434B-AB5C-539A297186B6}.Debug|Any CPU.Build.0 = Debug|Any CPU
		{5C5AF8E1-2D8C-434B-AB5C-539A297186B6}.Release|Any CPU.ActiveCfg = Release|Any CPU
		{5C5AF8E1-2D8C-434B-AB5C-539A297186B6}.Release|Any CPU.Build.0 = Release|Any CPU
		{CCEC16F3-2345-4AF2-821E-B53AF3FC8C83}.Debug|Any CPU.ActiveCfg = Debug|Any CPU
		{CCEC16F3-2345-4AF2-821E-B53AF3FC8C83}.Debug|Any CPU.Build.0 = Debug|Any CPU
		{CCEC16F3-2345-4AF2-821E-B53AF3FC8C83}.Release|Any CPU.ActiveCfg = Release|Any CPU
		{CCEC16F3-2345-4AF2-821E-B53AF3FC8C83}.Release|Any CPU.Build.0 = Release|Any CPU
	EndGlobalSection
	GlobalSection(SolutionProperties) = preSolution
		HideSolutionNode = FALSE
	EndGlobalSection
	GlobalSection(ExtensibilityGlobals) = postSolution
		SolutionGuid = {1CDFA4CB-1795-49A8-A678-EEE9023215D5}
	EndGlobalSection
EndGlobal
